sdk: ^2.0.0-alpha.120
prefixes:
  fs: pkg-fs
  host: pkg-host
packages:
  pkg-fs:
    url: github.com/toitlang/pkg-fs
    name: fs
    version: 2.1.0
    hash: ac3933367912563055ceea4188adcead3428103c
    prefixes:
      host: pkg-host
  pkg-host:
    url: github.com/toitlang/pkg-host
    name: host
    version: 1.11.0
    hash: 7e7df6ac70d98a02f232185add81a06cec0d77e8
